
Microsoft Visual Studio Solution File, Format Version 12.00
# Visual Studio Version 17
VisualStudioVersion = 17.9.34723.18
MinimumVisualStudioVersion = 10.0.40219.1
Project("{9A19103F-16F7-4668-BE54-9A1E7A4F7556}") = "Papeleria.LogicaNegocio", "Papeleria.LogicaNegocio\Papeleria.LogicaNegocio.csproj", "{671D4EF8-60B2-4E1D-A64C-3541C73EF27F}"
EndProject
Project("{9A19103F-16F7-4668-BE54-9A1E7A4F7556}") = "Papeleria.Test", "Papeleria.Test\Papeleria.Test.csproj", "{A2B43F19-22D4-46B6-BF25-9703D0C55A68}"
EndProject
Project("{9A19103F-16F7-4668-BE54-9A1E7A4F7556}") = "Papeleria.AccesoDatos", "Papeleria.AccesoDatos\Papeleria.AccesoDatos.csproj", "{6EA76E32-13B6-4BE9-BE7B-9CBA4979719B}"
EndProject
Project("{9A19103F-16F7-4668-BE54-9A1E7A4F7556}") = "Papeleria.LogicaAplicacion", "Papeleria.LogicaAplicacion\Papeleria.LogicaAplicacion.csproj", "{EDFEE3E7-7AB1-4081-B5EA-6248C9BAF702}"
EndProject
Project("{9A19103F-16F7-4668-BE54-9A1E7A4F7556}") = "Papeleria.Comun", "Papeleria.Comun\Papeleria.Comun.csproj", "{3CA0077C-7F59-4E94-B434-2B7B95CC5D2C}"
EndProject
Project("{9A19103F-16F7-4668-BE54-9A1E7A4F7556}") = "Papeleria.MVC", "Papeleria.MVC\Papeleria.MVC.csproj", "{F26EA81B-6699-4965-A722-8F222CD6030F}"
EndProject
Global
	GlobalSection(SolutionConfigurationPlatforms) = preSolution
		Debug|Any CPU = Debug|Any CPU
		Release|Any CPU = Release|Any CPU
	EndGlobalSection
	GlobalSection(ProjectConfigurationPlatforms) = postSolution
		{671D4EF8-60B2-4E1D-A64C-3541C73EF27F}.Debug|Any CPU.ActiveCfg = Debug|Any CPU
		{671D4EF8-60B2-4E1D-A64C-3541C73EF27F}.Debug|Any CPU.Build.0 = Debug|Any CPU
		{671D4EF8-60B2-4E1D-A64C-3541C73EF27F}.Release|Any CPU.ActiveCfg = Release|Any CPU
		{671D4EF8-60B2-4E1D-A64C-3541C73EF27F}.Release|Any CPU.Build.0 = Release|Any CPU
		{A2B43F19-22D4-46B6-BF25-9703D0C55A68}.Debug|Any CPU.ActiveCfg = Debug|Any CPU
		{A2B43F19-22D4-46B6-BF25-9703D0C55A68}.Debug|Any CPU.Build.0 = Debug|Any CPU
		{A2B43F19-22D4-46B6-BF25-9703D0C55A68}.Release|Any CPU.ActiveCfg = Release|Any CPU
		{A2B43F19-22D4-46B6-BF25-9703D0C55A68}.Release|Any CPU.Build.0 = Release|Any CPU
		{6EA76E32-13B6-4BE9-BE7B-9CBA4979719B}.Debug|Any CPU.ActiveCfg = Debug|Any CPU
		{6EA76E32-13B6-4BE9-BE7B-9CBA4979719B}.Debug|Any CPU.Build.0 = Debug|Any CPU
		{6EA76E32-13B6-4BE9-BE7B-9CBA4979719B}.Release|Any CPU.ActiveCfg = Release|Any CPU
		{6EA76E32-13B6-4BE9-BE7B-9CBA4979719B}.Release|Any CPU.Build.0 = Release|Any CPU
		{EDFEE3E7-7AB1-4081-B5EA-6248C9BAF702}.Debug|Any CPU.ActiveCfg = Debug|Any CPU
		{EDFEE3E7-7AB1-4081-B5EA-6248C9BAF702}.Debug|Any CPU.Build.0 = Debug|Any CPU
		{EDFEE3E7-7AB1-4081-B5EA-6248C9BAF702}.Release|Any CPU.ActiveCfg = Release|Any CPU
		{EDFEE3E7-7AB1-4081-B5EA-6248C9BAF702}.Release|Any CPU.Build.0 = Release|Any CPU
		{3CA0077C-7F59-4E94-B434-2B7B95CC5D2C}.Debug|Any CPU.ActiveCfg = Debug|Any CPU
		{3CA0077C-7F59-4E94-B434-2B7B95CC5D2C}.Debug|Any CPU.Build.0 = Debug|Any CPU
		{3CA0077C-7F59-4E94-B434-2B7B95CC5D2C}.Release|Any CPU.ActiveCfg = Release|Any CPU
		{3CA0077C-7F59-4E94-B434-2B7B95CC5D2C}.Release|Any CPU.Build.0 = Release|Any CPU
		{F26EA81B-6699-4965-A722-8F222CD6030F}.Debug|Any CPU.ActiveCfg = Debug|Any CPU
		{F26EA81B-6699-4965-A722-8F222CD6030F}.Debug|Any CPU.Build.0 = Debug|Any CPU
		{F26EA81B-6699-4965-A722-8F222CD6030F}.Release|Any CPU.ActiveCfg = Release|Any CPU
		{F26EA81B-6699-4965-A722-8F222CD6030F}.Release|Any CPU.Build.0 = Release|Any CPU
	EndGlobalSection
	GlobalSection(SolutionProperties) = preSolution
		HideSolutionNode = FALSE
	EndGlobalSection
	GlobalSection(ExtensibilityGlobals) = postSolution
		SolutionGuid = {05B10E01-D539-4009-9E76-303200D50A35}
	EndGlobalSection
EndGlobal
